
Microsoft Visual Studio Solution File, Format Version 12.00
# Visual Studio Version 16
VisualStudioVersion = 16.0.30517.126
MinimumVisualStudioVersion = 10.0.40219.1
Project("{FAE04EC0-301F-11D3-BF4B-00C04F79EFBC}") = "app-producer-kafka", "app-producer-kafka\app-producer-kafka.csproj", "{F6DF9A07-1283-4BB7-90BF-A2ACE32AF814}"
EndProject
Global
	GlobalSection(SolutionConfigurationPlatforms) = preSolution
		Debug|Any CPU = Debug|Any CPU
		Release|Any CPU = Release|Any CPU
	EndGlobalSection
	GlobalSection(ProjectConfigurationPlatforms) = postSolution
		{F6DF9A07-1283-4BB7-90BF-A2ACE32AF814}.Debug|Any CPU.ActiveCfg = Debug|Any CPU
		{F6DF9A07-1283-4BB7-90BF-A2ACE32AF814}.Debug|Any CPU.Build.0 = Debug|Any CPU
		{F6DF9A07-1283-4BB7-90BF-A2ACE32AF814}.Release|Any CPU.ActiveCfg = Release|Any CPU
		{F6DF9A07-1283-4BB7-90BF-A2ACE32AF814}.Release|Any CPU.Build.0 = Release|Any CPU
	EndGlobalSection
	GlobalSection(SolutionProperties) = preSolution
		HideSolutionNode = FALSE
	EndGlobalSection
	GlobalSection(ExtensibilityGlobals) = postSolution
		SolutionGuid = {25CA38B7-482E-4EAB-8639-7181428AEAD9}
	EndGlobalSection
EndGlobal
